
Microsoft Visual Studio Solution File, Format Version 12.00
# Visual Studio Version 17
VisualStudioVersion = 17.8.34330.188
MinimumVisualStudioVersion = 10.0.40219.1
Project("{FAE04EC0-301F-11D3-BF4B-00C04F79EFBC}") = "ConsoleApp4", "ConsoleApp4\ConsoleApp4.csproj", "{7B660942-D555-401C-A684-AFD2C70C78D2}"
EndProject
Global
	GlobalSection(SolutionConfigurationPlatforms) = preSolution
		Debug|Any CPU = Debug|Any CPU
		Release|Any CPU = Release|Any CPU
	EndGlobalSection
	GlobalSection(ProjectConfigurationPlatforms) = postSolution
		{7B660942-D555-401C-A684-AFD2C70C78D2}.Debug|Any CPU.ActiveCfg = Debug|Any CPU
		{7B660942-D555-401C-A684-AFD2C70C78D2}.Debug|Any CPU.Build.0 = Debug|Any CPU
		{7B660942-D555-401C-A684-AFD2C70C78D2}.Release|Any CPU.ActiveCfg = Release|Any CPU
		{7B660942-D555-401C-A684-AFD2C70C78D2}.Release|Any CPU.Build.0 = Release|Any CPU
	EndGlobalSection
	GlobalSection(SolutionProperties) = preSolution
		HideSolutionNode = FALSE
	EndGlobalSection
	GlobalSection(ExtensibilityGlobals) = postSolution
		SolutionGuid = {AD9CE1F9-39AE-4DD4-BE3E-7F5F5B6DFB17}
	EndGlobalSection
EndGlobal
